
Microsoft Visual Studio Solution File, Format Version 12.00
# Visual Studio 14
VisualStudioVersion = 14.0.25123.0
MinimumVisualStudioVersion = 10.0.40219.1
Project("{FAE04EC0-301F-11D3-BF4B-00C04F79EFBC}") = "MvvmCross.StackView", "MvvmCross.StackView.csproj", "{B20DBA14-6AB2-4F4F-85F3-1E245949B465}"
EndProject
Global
	GlobalSection(SolutionConfigurationPlatforms) = preSolution
		Debug|Any CPU = Debug|Any CPU
		Release|Any CPU = Release|Any CPU
	EndGlobalSection
	GlobalSection(ProjectConfigurationPlatforms) = postSolution
		{B20DBA14-6AB2-4F4F-85F3-1E245949B465}.Debug|Any CPU.ActiveCfg = Debug|Any CPU
		{B20DBA14-6AB2-4F4F-85F3-1E245949B465}.Debug|Any CPU.Build.0 = Debug|Any CPU
		{B20DBA14-6AB2-4F4F-85F3-1E245949B465}.Release|Any CPU.ActiveCfg = Release|Any CPU
		{B20DBA14-6AB2-4F4F-85F3-1E245949B465}.Release|Any CPU.Build.0 = Release|Any CPU
	EndGlobalSection
	GlobalSection(SolutionProperties) = preSolution
		HideSolutionNode = FALSE
	EndGlobalSection
EndGlobal
